
Microsoft Visual Studio Solution File, Format Version 12.00
# Visual Studio Version 16
VisualStudioVersion = 16.0.30621.155
MinimumVisualStudioVersion = 10.0.40219.1
Project("{FAE04EC0-301F-11D3-BF4B-00C04F79EFBC}") = "ServerConfigRest_084_SulistioSanjaya", "ServerConfigRest_084_SulistioSanjaya.csproj", "{DFD3CD46-F311-4EA9-A544-4C0BDDEAA2AA}"
EndProject
Global
	GlobalSection(SolutionConfigurationPlatforms) = preSolution
		Debug|Any CPU = Debug|Any CPU
		Release|Any CPU = Release|Any CPU
	EndGlobalSection
	GlobalSection(ProjectConfigurationPlatforms) = postSolution
		{DFD3CD46-F311-4EA9-A544-4C0BDDEAA2AA}.Debug|Any CPU.ActiveCfg = Debug|Any CPU
		{DFD3CD46-F311-4EA9-A544-4C0BDDEAA2AA}.Debug|Any CPU.Build.0 = Debug|Any CPU
		{DFD3CD46-F311-4EA9-A544-4C0BDDEAA2AA}.Release|Any CPU.ActiveCfg = Release|Any CPU
		{DFD3CD46-F311-4EA9-A544-4C0BDDEAA2AA}.Release|Any CPU.Build.0 = Release|Any CPU
	EndGlobalSection
	GlobalSection(SolutionProperties) = preSolution
		HideSolutionNode = FALSE
	EndGlobalSection
	GlobalSection(ExtensibilityGlobals) = postSolution
		SolutionGuid = {A10470DE-BBCB-4C7C-8FE0-69DFDA3B3A79}
	EndGlobalSection
EndGlobal
